
Microsoft Visual Studio Solution File, Format Version 12.00
# Visual Studio Version 17
VisualStudioVersion = 17.0.31903.59
MinimumVisualStudioVersion = 10.0.40219.1
Project("{FAE04EC0-301F-11D3-BF4B-00C04F79EFBC}") = "AOCTestCSharp", "AOCTestCSharp\AOCTestCSharp.csproj", "{854F14C6-1A85-4226-9DA4-50D4C33EAB8E}"
EndProject
Project("{FAE04EC0-301F-11D3-BF4B-00C04F79EFBC}") = "AOC-CSharp", "AOC-CSharp\AOC-CSharp.csproj", "{C9CF7957-A364-4088-B1B5-2815BF6A96F6}"
EndProject
Project("{FAE04EC0-301F-11D3-BF4B-00C04F79EFBC}") = "aoc-2018-day2", "aoc-2018-day2\aoc-2018-day2.csproj", "{48EAE046-E593-4E32-AECB-CB73F4FA0F97}"
EndProject
Project("{FAE04EC0-301F-11D3-BF4B-00C04F79EFBC}") = "aoc-2018-day3", "aoc-2018-day3\aoc-2018-day3.csproj", "{B0059CAC-E0CF-470D-B8E9-A3F7F15CA612}"
EndProject
Project("{FAE04EC0-301F-11D3-BF4B-00C04F79EFBC}") = "aoc-2021-day1", "aoc-2021-day1\aoc-2021-day1.csproj", "{02F53518-8FA1-483F-A856-B5AAF7FFB863}"
EndProject
Project("{FAE04EC0-301F-11D3-BF4B-00C04F79EFBC}") = "aoc-2021-day2", "aoc-2021-day2\aoc-2021-day2.csproj", "{1F4804BD-16EA-46B7-B597-A8643FEF26B1}"
EndProject
Project("{888888A0-9F3D-457C-B088-3A5042F75D52}") = "aoc-2021-day3", "aoc-2021-day3\aoc-2021-day3.pyproj", "{1AB6F175-7E92-459B-AD6E-3C1AFEBAF108}"
EndProject
Project("{FAE04EC0-301F-11D3-BF4B-00C04F79EFBC}") = "aoc-2021-day3csharp", "aoc-2021-day3csharp\aoc-2021-day3csharp.csproj", "{D12B6995-CCF8-4C7D-BB8A-F48174F11E16}"
EndProject
Project("{FAE04EC0-301F-11D3-BF4B-00C04F79EFBC}") = "aoc-2021-day4", "aoc-2021-day4\aoc-2021-day4.csproj", "{AF8F6719-3E63-48DE-ABF5-29DBD39D7B95}"
EndProject
Project("{FAE04EC0-301F-11D3-BF4B-00C04F79EFBC}") = "aoc-2021-day5", "aoc-2021-day5\aoc-2021-day5.csproj", "{35E2818B-DCFC-42CC-A5FD-1310F788725E}"
EndProject
Project("{FAE04EC0-301F-11D3-BF4B-00C04F79EFBC}") = "aoc-2021-day6", "aoc-2021-day6\aoc-2021-day6.csproj", "{07FEF51A-2696-4211-A8C7-A2963C171819}"
EndProject
Project("{FAE04EC0-301F-11D3-BF4B-00C04F79EFBC}") = "aoc-2021-day7", "aoc-2021-day7\aoc-2021-day7.csproj", "{09F75423-6398-4F4C-9A32-82A541A85A1B}"
EndProject
Project("{FAE04EC0-301F-11D3-BF4B-00C04F79EFBC}") = "aoc-2021-day8", "aoc-2021-day8\aoc-2021-day8.csproj", "{7688D3DD-FDF6-49E2-95C0-5C47CEC7B1D0}"
EndProject
Project("{FAE04EC0-301F-11D3-BF4B-00C04F79EFBC}") = "aoc-2021-day9", "aoc-2021-day9\aoc-2021-day9.csproj", "{5566F627-8DD2-4F26-95D2-B4A1C71BB58D}"
EndProject
Project("{FAE04EC0-301F-11D3-BF4B-00C04F79EFBC}") = "aoc-2021-day10", "aoc-2021-day10\aoc-2021-day10.csproj", "{B7BF13F7-1BA9-45B7-81EB-4EC9D2A65C00}"
EndProject
Project("{FAE04EC0-301F-11D3-BF4B-00C04F79EFBC}") = "aoc-2021-day11", "aoc-2021-day11\aoc-2021-day11.csproj", "{62522BA4-5D4F-4742-B25F-48E4016878DE}"
EndProject
Project("{FAE04EC0-301F-11D3-BF4B-00C04F79EFBC}") = "aoc-2021-day12", "aoc-2021-day12\aoc-2021-day12.csproj", "{2944901E-13E8-473B-B42A-9D4AEAF6211F}"
EndProject
Project("{FAE04EC0-301F-11D3-BF4B-00C04F79EFBC}") = "aoc-2021-day13", "aoc-2021-day13\aoc-2021-day13.csproj", "{396F8863-4161-474E-A4A1-5A618753255F}"
EndProject
Project("{FAE04EC0-301F-11D3-BF4B-00C04F79EFBC}") = "aoc-2021-day14", "aoc-2021-day14\aoc-2021-day14.csproj", "{522BD833-BCF5-4A9B-A5D6-10BD895A1781}"
EndProject
Project("{FAE04EC0-301F-11D3-BF4B-00C04F79EFBC}") = "aoc-2021-day15", "aoc-2021-day15\aoc-2021-day15.csproj", "{8FFFAF79-6DDA-4FD8-B97D-AC39B1CB000D}"
EndProject
Project("{FAE04EC0-301F-11D3-BF4B-00C04F79EFBC}") = "aoc-2021-day16", "aoc-2021-day16\aoc-2021-day16.csproj", "{6C0184C5-9E21-4E14-97B5-45A28C147430}"
EndProject
Project("{FAE04EC0-301F-11D3-BF4B-00C04F79EFBC}") = "aoc-2021-day17", "aoc-2021-day17\aoc-2021-day17.csproj", "{ACDBF557-AB99-4993-9027-CDFBCD62462F}"
EndProject
Project("{FAE04EC0-301F-11D3-BF4B-00C04F79EFBC}") = "aoc-2021-day18", "aoc-2021-day18\aoc-2021-day18.csproj", "{8AFE19CA-DC67-454F-B449-3C0938FB3DD7}"
EndProject
Project("{FAE04EC0-301F-11D3-BF4B-00C04F79EFBC}") = "aoc-2021-day19", "aoc-2021-day19\aoc-2021-day19.csproj", "{F826BDCF-378F-45B0-A645-510110CBE77E}"
EndProject
Global
	GlobalSection(SolutionConfigurationPlatforms) = preSolution
		Debug|Any CPU = Debug|Any CPU
		Release|Any CPU = Release|Any CPU
	EndGlobalSection
	GlobalSection(ProjectConfigurationPlatforms) = postSolution
		{854F14C6-1A85-4226-9DA4-50D4C33EAB8E}.Debug|Any CPU.ActiveCfg = Debug|Any CPU
		{854F14C6-1A85-4226-9DA4-50D4C33EAB8E}.Debug|Any CPU.Build.0 = Debug|Any CPU
		{854F14C6-1A85-4226-9DA4-50D4C33EAB8E}.Release|Any CPU.ActiveCfg = Release|Any CPU
		{854F14C6-1A85-4226-9DA4-50D4C33EAB8E}.Release|Any CPU.Build.0 = Release|Any CPU
		{C9CF7957-A364-4088-B1B5-2815BF6A96F6}.Debug|Any CPU.ActiveCfg = Debug|Any CPU
		{C9CF7957-A364-4088-B1B5-2815BF6A96F6}.Debug|Any CPU.Build.0 = Debug|Any CPU
		{C9CF7957-A364-4088-B1B5-2815BF6A96F6}.Release|Any CPU.ActiveCfg = Release|Any CPU
		{C9CF7957-A364-4088-B1B5-2815BF6A96F6}.Release|Any CPU.Build.0 = Release|Any CPU
		{48EAE046-E593-4E32-AECB-CB73F4FA0F97}.Debug|Any CPU.ActiveCfg = Debug|Any CPU
		{48EAE046-E593-4E32-AECB-CB73F4FA0F97}.Debug|Any CPU.Build.0 = Debug|Any CPU
		{48EAE046-E593-4E32-AECB-CB73F4FA0F97}.Release|Any CPU.ActiveCfg = Release|Any CPU
		{48EAE046-E593-4E32-AECB-CB73F4FA0F97}.Release|Any CPU.Build.0 = Release|Any CPU
		{B0059CAC-E0CF-470D-B8E9-A3F7F15CA612}.Debug|Any CPU.ActiveCfg = Debug|Any CPU
		{B0059CAC-E0CF-470D-B8E9-A3F7F15CA612}.Debug|Any CPU.Build.0 = Debug|Any CPU
		{B0059CAC-E0CF-470D-B8E9-A3F7F15CA612}.Release|Any CPU.ActiveCfg = Release|Any CPU
		{B0059CAC-E0CF-470D-B8E9-A3F7F15CA612}.Release|Any CPU.Build.0 = Release|Any CPU
		{02F53518-8FA1-483F-A856-B5AAF7FFB863}.Debug|Any CPU.ActiveCfg = Debug|Any CPU
		{02F53518-8FA1-483F-A856-B5AAF7FFB863}.Debug|Any CPU.Build.0 = Debug|Any CPU
		{02F53518-8FA1-483F-A856-B5AAF7FFB863}.Release|Any CPU.ActiveCfg = Release|Any CPU
		{02F53518-8FA1-483F-A856-B5AAF7FFB863}.Release|Any CPU.Build.0 = Release|Any CPU
		{1F4804BD-16EA-46B7-B597-A8643FEF26B1}.Debug|Any CPU.ActiveCfg = Debug|Any CPU
		{1F4804BD-16EA-46B7-B597-A8643FEF26B1}.Debug|Any CPU.Build.0 = Debug|Any CPU
		{1F4804BD-16EA-46B7-B597-A8643FEF26B1}.Release|Any CPU.ActiveCfg = Release|Any CPU
		{1F4804BD-16EA-46B7-B597-A8643FEF26B1}.Release|Any CPU.Build.0 = Release|Any CPU
		{1AB6F175-7E92-459B-AD6E-3C1AFEBAF108}.Debug|Any CPU.ActiveCfg = Debug|Any CPU
		{1AB6F175-7E92-459B-AD6E-3C1AFEBAF108}.Release|Any CPU.ActiveCfg = Release|Any CPU
		{D12B6995-CCF8-4C7D-BB8A-F48174F11E16}.Debug|Any CPU.ActiveCfg = Debug|Any CPU
		{D12B6995-CCF8-4C7D-BB8A-F48174F11E16}.Debug|Any CPU.Build.0 = Debug|Any CPU
		{D12B6995-CCF8-4C7D-BB8A-F48174F11E16}.Release|Any CPU.ActiveCfg = Release|Any CPU
		{D12B6995-CCF8-4C7D-BB8A-F48174F11E16}.Release|Any CPU.Build.0 = Release|Any CPU
		{AF8F6719-3E63-48DE-ABF5-29DBD39D7B95}.Debug|Any CPU.ActiveCfg = Debug|Any CPU
		{AF8F6719-3E63-48DE-ABF5-29DBD39D7B95}.Debug|Any CPU.Build.0 = Debug|Any CPU
		{AF8F6719-3E63-48DE-ABF5-29DBD39D7B95}.Release|Any CPU.ActiveCfg = Release|Any CPU
		{AF8F6719-3E63-48DE-ABF5-29DBD39D7B95}.Release|Any CPU.Build.0 = Release|Any CPU
		{35E2818B-DCFC-42CC-A5FD-1310F788725E}.Debug|Any CPU.ActiveCfg = Debug|Any CPU
		{35E2818B-DCFC-42CC-A5FD-1310F788725E}.Debug|Any CPU.Build.0 = Debug|Any CPU
		{35E2818B-DCFC-42CC-A5FD-1310F788725E}.Release|Any CPU.ActiveCfg = Release|Any CPU
		{35E2818B-DCFC-42CC-A5FD-1310F788725E}.Release|Any CPU.Build.0 = Release|Any CPU
		{07FEF51A-2696-4211-A8C7-A2963C171819}.Debug|Any CPU.ActiveCfg = Debug|Any CPU
		{07FEF51A-2696-4211-A8C7-A2963C171819}.Debug|Any CPU.Build.0 = Debug|Any CPU
		{07FEF51A-2696-4211-A8C7-A2963C171819}.Release|Any CPU.ActiveCfg = Release|Any CPU
		{07FEF51A-2696-4211-A8C7-A2963C171819}.Release|Any CPU.Build.0 = Release|Any CPU
		{09F75423-6398-4F4C-9A32-82A541A85A1B}.Debug|Any CPU.ActiveCfg = Debug|Any CPU
		{09F75423-6398-4F4C-9A32-82A541A85A1B}.Debug|Any CPU.Build.0 = Debug|Any CPU
		{09F75423-6398-4F4C-9A32-82A541A85A1B}.Release|Any CPU.ActiveCfg = Release|Any CPU
		{09F75423-6398-4F4C-9A32-82A541A85A1B}.Release|Any CPU.Build.0 = Release|Any CPU
		{7688D3DD-FDF6-49E2-95C0-5C47CEC7B1D0}.Debug|Any CPU.ActiveCfg = Debug|Any CPU
		{7688D3DD-FDF6-49E2-95C0-5C47CEC7B1D0}.Debug|Any CPU.Build.0 = Debug|Any CPU
		{7688D3DD-FDF6-49E2-95C0-5C47CEC7B1D0}.Release|Any CPU.ActiveCfg = Release|Any CPU
		{7688D3DD-FDF6-49E2-95C0-5C47CEC7B1D0}.Release|Any CPU.Build.0 = Release|Any CPU
		{5566F627-8DD2-4F26-95D2-B4A1C71BB58D}.Debug|Any CPU.ActiveCfg = Debug|Any CPU
		{5566F627-8DD2-4F26-95D2-B4A1C71BB58D}.Debug|Any CPU.Build.0 = Debug|Any CPU
		{5566F627-8DD2-4F26-95D2-B4A1C71BB58D}.Release|Any CPU.ActiveCfg = Release|Any CPU
		{5566F627-8DD2-4F26-95D2-B4A1C71BB58D}.Release|Any CPU.Build.0 = Release|Any CPU
		{B7BF13F7-1BA9-45B7-81EB-4EC9D2A65C00}.Debug|Any CPU.ActiveCfg = Debug|Any CPU
		{B7BF13F7-1BA9-45B7-81EB-4EC9D2A65C00}.Debug|Any CPU.Build.0 = Debug|Any CPU
		{B7BF13F7-1BA9-45B7-81EB-4EC9D2A65C00}.Release|Any CPU.ActiveCfg = Release|Any CPU
		{B7BF13F7-1BA9-45B7-81EB-4EC9D2A65C00}.Release|Any CPU.Build.0 = Release|Any CPU
		{62522BA4-5D4F-4742-B25F-48E4016878DE}.Debug|Any CPU.ActiveCfg = Debug|Any CPU
		{62522BA4-5D4F-4742-B25F-48E4016878DE}.Debug|Any CPU.Build.0 = Debug|Any CPU
		{62522BA4-5D4F-4742-B25F-48E4016878DE}.Release|Any CPU.ActiveCfg = Release|Any CPU
		{62522BA4-5D4F-4742-B25F-48E4016878DE}.Release|Any CPU.Build.0 = Release|Any CPU
		{2944901E-13E8-473B-B42A-9D4AEAF6211F}.Debug|Any CPU.ActiveCfg = Debug|Any CPU
		{2944901E-13E8-473B-B42A-9D4AEAF6211F}.Debug|Any CPU.Build.0 = Debug|Any CPU
		{2944901E-13E8-473B-B42A-9D4AEAF6211F}.Release|Any CPU.ActiveCfg = Release|Any CPU
		{2944901E-13E8-473B-B42A-9D4AEAF6211F}.Release|Any CPU.Build.0 = Release|Any CPU
		{396F8863-4161-474E-A4A1-5A618753255F}.Debug|Any CPU.ActiveCfg = Debug|Any CPU
		{396F8863-4161-474E-A4A1-5A618753255F}.Debug|Any CPU.Build.0 = Debug|Any CPU
		{396F8863-4161-474E-A4A1-5A618753255F}.Release|Any CPU.ActiveCfg = Release|Any CPU
		{396F8863-4161-474E-A4A1-5A618753255F}.Release|Any CPU.Build.0 = Release|Any CPU
		{522BD833-BCF5-4A9B-A5D6-10BD895A1781}.Debug|Any CPU.ActiveCfg = Debug|Any CPU
		{522BD833-BCF5-4A9B-A5D6-10BD895A1781}.Debug|Any CPU.Build.0 = Debug|Any CPU
		{522BD833-BCF5-4A9B-A5D6-10BD895A1781}.Release|Any CPU.ActiveCfg = Release|Any CPU
		{522BD833-BCF5-4A9B-A5D6-10BD895A1781}.Release|Any CPU.Build.0 = Release|Any CPU
		{8FFFAF79-6DDA-4FD8-B97D-AC39B1CB000D}.Debug|Any CPU.ActiveCfg = Debug|Any CPU
		{8FFFAF79-6DDA-4FD8-B97D-AC39B1CB000D}.Debug|Any CPU.Build.0 = Debug|Any CPU
		{8FFFAF79-6DDA-4FD8-B97D-AC39B1CB000D}.Release|Any CPU.ActiveCfg = Release|Any CPU
		{8FFFAF79-6DDA-4FD8-B97D-AC39B1CB000D}.Release|Any CPU.Build.0 = Release|Any CPU
		{6C0184C5-9E21-4E14-97B5-45A28C147430}.Debug|Any CPU.ActiveCfg = Debug|Any CPU
		{6C0184C5-9E21-4E14-97B5-45A28C147430}.Debug|Any CPU.Build.0 = Debug|Any CPU
		{6C0184C5-9E21-4E14-97B5-45A28C147430}.Release|Any CPU.ActiveCfg = Release|Any CPU
		{6C0184C5-9E21-4E14-97B5-45A28C147430}.Release|Any CPU.Build.0 = Release|Any CPU
		{ACDBF557-AB99-4993-9027-CDFBCD62462F}.Debug|Any CPU.ActiveCfg = Debug|Any CPU
		{ACDBF557-AB99-4993-9027-CDFBCD62462F}.Debug|Any CPU.Build.0 = Debug|Any CPU
		{ACDBF557-AB99-4993-9027-CDFBCD62462F}.Release|Any CPU.ActiveCfg = Release|Any CPU
		{ACDBF557-AB99-4993-9027-CDFBCD62462F}.Release|Any CPU.Build.0 = Release|Any CPU
		{8AFE19CA-DC67-454F-B449-3C0938FB3DD7}.Debug|Any CPU.ActiveCfg = Debug|Any CPU
		{8AFE19CA-DC67-454F-B449-3C0938FB3DD7}.Debug|Any CPU.Build.0 = Debug|Any CPU
		{8AFE19CA-DC67-454F-B449-3C0938FB3DD7}.Release|Any CPU.ActiveCfg = Release|Any CPU
		{8AFE19CA-DC67-454F-B449-3C0938FB3DD7}.Release|Any CPU.Build.0 = Release|Any CPU
		{F826BDCF-378F-45B0-A645-510110CBE77E}.Debug|Any CPU.ActiveCfg = Debug|Any CPU
		{F826BDCF-378F-45B0-A645-510110CBE77E}.Debug|Any CPU.Build.0 = Debug|Any CPU
		{F826BDCF-378F-45B0-A645-510110CBE77E}.Release|Any CPU.ActiveCfg = Release|Any CPU
		{F826BDCF-378F-45B0-A645-510110CBE77E}.Release|Any CPU.Build.0 = Release|Any CPU
	EndGlobalSection
	GlobalSection(SolutionProperties) = preSolution
		HideSolutionNode = FALSE
	EndGlobalSection
	GlobalSection(ExtensibilityGlobals) = postSolution
		SolutionGuid = {E8236EA0-F04B-4929-B14B-07274B061836}
	EndGlobalSection
EndGlobal
